// !$*UTF8*$!
{
	archiveVersion = 1;
	classes = {
	};
	objectVersion = 56;
	objects = {

/* Begin PBXBuildFile section */
		172C063E2A828D2000F7BE9D /* RegisterVC.swift in Sources */ = {isa = PBXBuildFile; fileRef = 172C063D2A828D2000F7BE9D /* RegisterVC.swift */; };
		172C06402A82A20F00F7BE9D /* PiyasaVC.swift in Sources */ = {isa = PBXBuildFile; fileRef = 172C063F2A82A20F00F7BE9D /* PiyasaVC.swift */; };
		174029CE2A83DBC70012F747 /* TableViewCell.swift in Sources */ = {isa = PBXBuildFile; fileRef = 174029CD2A83DBC60012F747 /* TableViewCell.swift */; };
		174029D02A83E2480012F747 /* CoinBuyVC.swift in Sources */ = {isa = PBXBuildFile; fileRef = 174029CF2A83E2470012F747 /* CoinBuyVC.swift */; };
		174029D42A84097E0012F747 /* Image.swift in Sources */ = {isa = PBXBuildFile; fileRef = 174029D32A84097E0012F747 /* Image.swift */; };
		174029DA2A84101E0012F747 /* CuzdanIslemleriVC.swift in Sources */ = {isa = PBXBuildFile; fileRef = 174029D92A84101E0012F747 /* CuzdanIslemleriVC.swift */; };
		174029DC2A8410BC0012F747 /* DetailsVC.swift in Sources */ = {isa = PBXBuildFile; fileRef = 174029DB2A8410BC0012F747 /* DetailsVC.swift */; };
		175B7A612A8780C3004070B3 /* SettingsVC.swift in Sources */ = {isa = PBXBuildFile; fileRef = 175B7A602A8780C3004070B3 /* SettingsVC.swift */; };
		1771DB302A866A190037EFA6 /* SatinAlVC.swift in Sources */ = {isa = PBXBuildFile; fileRef = 1771DB2F2A866A190037EFA6 /* SatinAlVC.swift */; };
		1771DB322A866C990037EFA6 /* YatirimVC.swift in Sources */ = {isa = PBXBuildFile; fileRef = 1771DB312A866C990037EFA6 /* YatirimVC.swift */; };
		1771DB342A8677C80037EFA6 /* YatirimTableViewCell.swift in Sources */ = {isa = PBXBuildFile; fileRef = 1771DB332A8677C80037EFA6 /* YatirimTableViewCell.swift */; };
		17A91F922A815C2700B2BC9D /* AppDelegate.swift in Sources */ = {isa = PBXBuildFile; fileRef = 17A91F912A815C2700B2BC9D /* AppDelegate.swift */; };
		17A91F942A815C2700B2BC9D /* SceneDelegate.swift in Sources */ = {isa = PBXBuildFile; fileRef = 17A91F932A815C2700B2BC9D /* SceneDelegate.swift */; };
		17A91F962A815C2700B2BC9D /* ViewController.swift in Sources */ = {isa = PBXBuildFile; fileRef = 17A91F952A815C2700B2BC9D /* ViewController.swift */; };
		17A91F992A815C2700B2BC9D /* Main.storyboard in Resources */ = {isa = PBXBuildFile; fileRef = 17A91F972A815C2700B2BC9D /* Main.storyboard */; };
		17A91F9C2A815C2700B2BC9D /* AYNANCE.xcdatamodeld in Sources */ = {isa = PBXBuildFile; fileRef = 17A91F9A2A815C2700B2BC9D /* AYNANCE.xcdatamodeld */; };
		17A91F9E2A815C2900B2BC9D /* Assets.xcassets in Resources */ = {isa = PBXBuildFile; fileRef = 17A91F9D2A815C2900B2BC9D /* Assets.xcassets */; };
		17A91FA12A815C2900B2BC9D /* LaunchScreen.storyboard in Resources */ = {isa = PBXBuildFile; fileRef = 17A91F9F2A815C2900B2BC9D /* LaunchScreen.storyboard */; };
		17A91FAD2A815CA700B2BC9D /* CoinModel.swift in Sources */ = {isa = PBXBuildFile; fileRef = 17A91FAC2A815CA700B2BC9D /* CoinModel.swift */; };
		17A91FAF2A8160E700B2BC9D /* Webservices.swift in Sources */ = {isa = PBXBuildFile; fileRef = 17A91FAE2A8160E700B2BC9D /* Webservices.swift */; };
		17A91FB12A818E9400B2BC9D /* CoinsViewModel.swift in Sources */ = {isa = PBXBuildFile; fileRef = 17A91FB02A818E9400B2BC9D /* CoinsViewModel.swift */; };
/* End PBXBuildFile section */

/* Begin PBXFileReference section */
		172C063D2A828D2000F7BE9D /* RegisterVC.swift */ = {isa = PBXFileReference; lastKnownFileType = sourcecode.swift; path = RegisterVC.swift; sourceTree = "<group>"; };
		172C063F2A82A20F00F7BE9D /* PiyasaVC.swift */ = {isa = PBXFileReference; lastKnownFileType = sourcecode.swift; path = PiyasaVC.swift; sourceTree = "<group>"; };
		174029CD2A83DBC60012F747 /* TableViewCell.swift */ = {isa = PBXFileReference; lastKnownFileType = sourcecode.swift; path = TableViewCell.swift; sourceTree = "<group>"; };
		174029CF2A83E2470012F747 /* CoinBuyVC.swift */ = {isa = PBXFileReference; lastKnownFileType = sourcecode.swift; path = CoinBuyVC.swift; sourceTree = "<group>"; };
		174029D32A84097E0012F747 /* Image.swift */ = {isa = PBXFileReference; lastKnownFileType = sourcecode.swift; path = Image.swift; sourceTree = "<group>"; };
		174029D92A84101E0012F747 /* CuzdanIslemleriVC.swift */ = {isa = PBXFileReference; lastKnownFileType = sourcecode.swift; path = CuzdanIslemleriVC.swift; sourceTree = "<group>"; };
		174029DB2A8410BC0012F747 /* DetailsVC.swift */ = {isa = PBXFileReference; lastKnownFileType = sourcecode.swift; path = DetailsVC.swift; sourceTree = "<group>"; };
		175B7A602A8780C3004070B3 /* SettingsVC.swift */ = {isa = PBXFileReference; lastKnownFileType = sourcecode.swift; path = SettingsVC.swift; sourceTree = "<group>"; };
		1771DB2F2A866A190037EFA6 /* SatinAlVC.swift */ = {isa = PBXFileReference; lastKnownFileType = sourcecode.swift; path = SatinAlVC.swift; sourceTree = "<group>"; };
		1771DB312A866C990037EFA6 /* YatirimVC.swift */ = {isa = PBXFileReference; lastKnownFileType = sourcecode.swift; path = YatirimVC.swift; sourceTree = "<group>"; };
		1771DB332A8677C80037EFA6 /* YatirimTableViewCell.swift */ = {isa = PBXFileReference; lastKnownFileType = sourcecode.swift; path = YatirimTableViewCell.swift; sourceTree = "<group>"; };
		17A91F8E2A815C2700B2BC9D /* AYNANCE.app */ = {isa = PBXFileReference; explicitFileType = wrapper.application; includeInIndex = 0; path = AYNANCE.app; sourceTree = BUILT_PRODUCTS_DIR; };
		17A91F912A815C2700B2BC9D /* AppDelegate.swift */ = {isa = PBXFileReference; lastKnownFileType = sourcecode.swift; path = AppDelegate.swift; sourceTree = "<group>"; };
		17A91F932A815C2700B2BC9D /* SceneDelegate.swift */ = {isa = PBXFileReference; lastKnownFileType = sourcecode.swift; path = SceneDelegate.swift; sourceTree = "<group>"; };
		17A91F952A815C2700B2BC9D /* ViewController.swift */ = {isa = PBXFileReference; lastKnownFileType = sourcecode.swift; path = ViewController.swift; sourceTree = "<group>"; };
		17A91F982A815C2700B2BC9D /* Base */ = {isa = PBXFileReference; lastKnownFileType = file.storyboard; name = Base; path = Base.lproj/Main.storyboard; sourceTree = "<group>"; };
		17A91F9B2A815C2700B2BC9D /* AYNANCE.xcdatamodel */ = {isa = PBXFileReference; lastKnownFileType = wrapper.xcdatamodel; path = AYNANCE.xcdatamodel; sourceTree = "<group>"; };
		17A91F9D2A815C2900B2BC9D /* Assets.xcassets */ = {isa = PBXFileReference; lastKnownFileType = folder.assetcatalog; path = Assets.xcassets; sourceTree = "<group>"; };
		17A91FA02A815C2900B2BC9D /* Base */ = {isa = PBXFileReference; lastKnownFileType = file.storyboard; name = Base; path = Base.lproj/LaunchScreen.storyboard; sourceTree = "<group>"; };
		17A91FA22A815C2900B2BC9D /* Info.plist */ = {isa = PBXFileReference; lastKnownFileType = text.plist.xml; path = Info.plist; sourceTree = "<group>"; };
		17A91FAC2A815CA700B2BC9D /* CoinModel.swift */ = {isa = PBXFileReference; lastKnownFileType = sourcecode.swift; path = CoinModel.swift; sourceTree = "<group>"; };
		17A91FAE2A8160E700B2BC9D /* Webservices.swift */ = {isa = PBXFileReference; lastKnownFileType = sourcecode.swift; path = Webservices.swift; sourceTree = "<group>"; };
		17A91FB02A818E9400B2BC9D /* CoinsViewModel.swift */ = {isa = PBXFileReference; lastKnownFileType = sourcecode.swift; path = CoinsViewModel.swift; sourceTree = "<group>"; };
/* End PBXFileReference section */

/* Begin PBXFrameworksBuildPhase section */
		17A91F8B2A815C2700B2BC9D /* Frameworks */ = {
			isa = PBXFrameworksBuildPhase;
			buildActionMask = 2147483647;
			files = (
			);
			runOnlyForDeploymentPostprocessing = 0;
		};
/* End PBXFrameworksBuildPhase section */

/* Begin PBXGroup section */
		174029D52A840CD40012F747 /* ViewController */ = {
			isa = PBXGroup;
			children = (
				17A91F952A815C2700B2BC9D /* ViewController.swift */,
				172C063D2A828D2000F7BE9D /* RegisterVC.swift */,
				172C063F2A82A20F00F7BE9D /* PiyasaVC.swift */,
				174029CF2A83E2470012F747 /* CoinBuyVC.swift */,
				174029D92A84101E0012F747 /* CuzdanIslemleriVC.swift */,
				174029DB2A8410BC0012F747 /* DetailsVC.swift */,
				1771DB2F2A866A190037EFA6 /* SatinAlVC.swift */,
				1771DB312A866C990037EFA6 /* YatirimVC.swift */,
				175B7A602A8780C3004070B3 /* SettingsVC.swift */,
			);
			path = ViewController;
			sourceTree = "<group>";
		};
		174029D62A840CEE0012F747 /* ViewCell */ = {
			isa = PBXGroup;
			children = (
				174029CD2A83DBC60012F747 /* TableViewCell.swift */,
				1771DB332A8677C80037EFA6 /* YatirimTableViewCell.swift */,
			);
			path = ViewCell;
			sourceTree = "<group>";
		};
		174029D72A840D0C0012F747 /* StoryBoard */ = {
			isa = PBXGroup;
			children = (
				17A91F9D2A815C2900B2BC9D /* Assets.xcassets */,
				17A91F972A815C2700B2BC9D /* Main.storyboard */,
				17A91F9F2A815C2900B2BC9D /* LaunchScreen.storyboard */,
			);
			path = StoryBoard;
			sourceTree = "<group>";
		};
		174029D82A840D280012F747 /* Delegate */ = {
			isa = PBXGroup;
			children = (
				17A91F912A815C2700B2BC9D /* AppDelegate.swift */,
				17A91F932A815C2700B2BC9D /* SceneDelegate.swift */,
			);
			path = Delegate;
			sourceTree = "<group>";
		};
		17A91F852A815C2700B2BC9D = {
			isa = PBXGroup;
			children = (
				17A91F902A815C2700B2BC9D /* AYNANCE */,
				17A91F8F2A815C2700B2BC9D /* Products */,
			);
			sourceTree = "<group>";
		};
		17A91F8F2A815C2700B2BC9D /* Products */ = {
			isa = PBXGroup;
			children = (
				17A91F8E2A815C2700B2BC9D /* AYNANCE.app */,
			);
			name = Products;
			sourceTree = "<group>";
		};
		17A91F902A815C2700B2BC9D /* AYNANCE */ = {
			isa = PBXGroup;
			children = (
				17A91FA22A815C2900B2BC9D /* Info.plist */,
				17A91F9A2A815C2700B2BC9D /* AYNANCE.xcdatamodeld */,
				17A91FA82A815C4F00B2BC9D /* Webservices */,
				17A91FA92A815C6300B2BC9D /* Model */,
				17A91FAB2A815C7900B2BC9D /* ViewModel */,
				17A91FAA2A815C6D00B2BC9D /* View */,
			);
			path = AYNANCE;
			sourceTree = "<group>";
		};
		17A91FA82A815C4F00B2BC9D /* Webservices */ = {
			isa = PBXGroup;
			children = (
				17A91FAE2A8160E700B2BC9D /* Webservices.swift */,
				174029D32A84097E0012F747 /* Image.swift */,
			);
			path = Webservices;
			sourceTree = "<group>";
		};
		17A91FA92A815C6300B2BC9D /* Model */ = {
			isa = PBXGroup;
			children = (
				17A91FAC2A815CA700B2BC9D /* CoinModel.swift */,
			);
			path = Model;
			sourceTree = "<group>";
		};
		17A91FAA2A815C6D00B2BC9D /* View */ = {
			isa = PBXGroup;
			children = (
				174029D82A840D280012F747 /* Delegate */,
				174029D72A840D0C0012F747 /* StoryBoard */,
				174029D62A840CEE0012F747 /* ViewCell */,
				174029D52A840CD40012F747 /* ViewController */,
			);
			path = View;
			sourceTree = "<group>";
		};
		17A91FAB2A815C7900B2BC9D /* ViewModel */ = {
			isa = PBXGroup;
			children = (
				17A91FB02A818E9400B2BC9D /* CoinsViewModel.swift */,
			);
			path = ViewModel;
			sourceTree = "<group>";
		};
/* End PBXGroup section */

/* Begin PBXNativeTarget section */
		17A91F8D2A815C2700B2BC9D /* AYNANCE */ = {
			isa = PBXNativeTarget;
			buildConfigurationList = 17A91FA52A815C2900B2BC9D /* Build configuration list for PBXNativeTarget "AYNANCE" */;
			buildPhases = (
				17A91F8A2A815C2700B2BC9D /* Sources */,
				17A91F8B2A815C2700B2BC9D /* Frameworks */,
				17A91F8C2A815C2700B2BC9D /* Resources */,
			);
			buildRules = (
			);
			dependencies = (
			);
			name = AYNANCE;
			productName = AYNANCE;
			productReference = 17A91F8E2A815C2700B2BC9D /* AYNANCE.app */;
			productType = "com.apple.product-type.application";
		};
/* End PBXNativeTarget section */

/* Begin PBXProject section */
		17A91F862A815C2700B2BC9D /* Project object */ = {
			isa = PBXProject;
			attributes = {
				BuildIndependentTargetsInParallel = 1;
				LastSwiftUpdateCheck = 1430;
				LastUpgradeCheck = 1430;
				TargetAttributes = {
					17A91F8D2A815C2700B2BC9D = {
						CreatedOnToolsVersion = 14.3.1;
					};
				};
			};
			buildConfigurationList = 17A91F892A815C2700B2BC9D /* Build configuration list for PBXProject "AYNANCE" */;
			compatibilityVersion = "Xcode 14.0";
			developmentRegion = en;
			hasScannedForEncodings = 0;
			knownRegions = (
				en,
				Base,
			);
			mainGroup = 17A91F852A815C2700B2BC9D;
			productRefGroup = 17A91F8F2A815C2700B2BC9D /* Products */;
			projectDirPath = "";
			projectRoot = "";
			targets = (
				17A91F8D2A815C2700B2BC9D /* AYNANCE */,
			);
		};
/* End PBXProject section */

/* Begin PBXResourcesBuildPhase section */
		17A91F8C2A815C2700B2BC9D /* Resources */ = {
			isa = PBXResourcesBuildPhase;
			buildActionMask = 2147483647;
			files = (
				17A91FA12A815C2900B2BC9D /* LaunchScreen.storyboard in Resources */,
				17A91F9E2A815C2900B2BC9D /* Assets.xcassets in Resources */,
				17A91F992A815C2700B2BC9D /* Main.storyboard in Resources */,
			);
			runOnlyForDeploymentPostprocessing = 0;
		};
/* End PBXResourcesBuildPhase section */

/* Begin PBXSourcesBuildPhase section */
		17A91F8A2A815C2700B2BC9D /* Sources */ = {
			isa = PBXSourcesBuildPhase;
			buildActionMask = 2147483647;
			files = (
				17A91FAF2A8160E700B2BC9D /* Webservices.swift in Sources */,
				174029D42A84097E0012F747 /* Image.swift in Sources */,
				1771DB322A866C990037EFA6 /* YatirimVC.swift in Sources */,
				172C063E2A828D2000F7BE9D /* RegisterVC.swift in Sources */,
				17A91FB12A818E9400B2BC9D /* CoinsViewModel.swift in Sources */,
				17A91FAD2A815CA700B2BC9D /* CoinModel.swift in Sources */,
				172C06402A82A20F00F7BE9D /* PiyasaVC.swift in Sources */,
				174029D02A83E2480012F747 /* CoinBuyVC.swift in Sources */,
				174029CE2A83DBC70012F747 /* TableViewCell.swift in Sources */,
				17A91F962A815C2700B2BC9D /* ViewController.swift in Sources */,
				17A91F922A815C2700B2BC9D /* AppDelegate.swift in Sources */,
				1771DB342A8677C80037EFA6 /* YatirimTableViewCell.swift in Sources */,
				1771DB302A866A190037EFA6 /* SatinAlVC.swift in Sources */,
				17A91F942A815C2700B2BC9D /* SceneDelegate.swift in Sources */,
				174029DC2A8410BC0012F747 /* DetailsVC.swift in Sources */,
				17A91F9C2A815C2700B2BC9D /* AYNANCE.xcdatamodeld in Sources */,
				174029DA2A84101E0012F747 /* CuzdanIslemleriVC.swift in Sources */,
				175B7A612A8780C3004070B3 /* SettingsVC.swift in Sources */,
			);
			runOnlyForDeploymentPostprocessing = 0;
		};
/* End PBXSourcesBuildPhase section */

/* Begin PBXVariantGroup section */
		17A91F972A815C2700B2BC9D /* Main.storyboard */ = {
			isa = PBXVariantGroup;
			children = (
				17A91F982A815C2700B2BC9D /* Base */,
			);
			name = Main.storyboard;
			sourceTree = "<group>";
		};
		17A91F9F2A815C2900B2BC9D /* LaunchScreen.storyboard */ = {
			isa = PBXVariantGroup;
			children = (
				17A91FA02A815C2900B2BC9D /* Base */,
			);
			name = LaunchScreen.storyboard;
			sourceTree = "<group>";
		};
/* End PBXVariantGroup section */

/* Begin XCBuildConfiguration section */
		17A91FA32A815C2900B2BC9D /* Debug */ = {
			isa = XCBuildConfiguration;
			buildSettings = {
				ALWAYS_SEARCH_USER_PATHS = NO;
				CLANG_ANALYZER_NONNULL = YES;
				CLANG_ANALYZER_NUMBER_OBJECT_CONVERSION = YES_AGGRESSIVE;
				CLANG_CXX_LANGUAGE_STANDARD = "gnu++20";
				CLANG_ENABLE_MODULES = YES;
				CLANG_ENABLE_OBJC_ARC = YES;
				CLANG_ENABLE_OBJC_WEAK = YES;
				CLANG_WARN_BLOCK_CAPTURE_AUTORELEASING = YES;
				CLANG_WARN_BOOL_CONVERSION = YES;
				CLANG_WARN_COMMA = YES;
				CLANG_WARN_CONSTANT_CONVERSION = YES;
				CLANG_WARN_DEPRECATED_OBJC_IMPLEMENTATIONS = YES;
				CLANG_WARN_DIRECT_OBJC_ISA_USAGE = YES_ERROR;
				CLANG_WARN_DOCUMENTATION_COMMENTS = YES;
				CLANG_WARN_EMPTY_BODY = YES;
				CLANG_WARN_ENUM_CONVERSION = YES;
				CLANG_WARN_INFINITE_RECURSION = YES;
				CLANG_WARN_INT_CONVERSION = YES;
				CLANG_WARN_NON_LITERAL_NULL_CONVERSION = YES;
				CLANG_WARN_OBJC_IMPLICIT_RETAIN_SELF = YES;
				CLANG_WARN_OBJC_LITERAL_CONVERSION = YES;
				CLANG_WARN_OBJC_ROOT_CLASS = YES_ERROR;
				CLANG_WARN_QUOTED_INCLUDE_IN_FRAMEWORK_HEADER = YES;
				CLANG_WARN_RANGE_LOOP_ANALYSIS = YES;
				CLANG_WARN_STRICT_PROTOTYPES = YES;
				CLANG_WARN_SUSPICIOUS_MOVE = YES;
				CLANG_WARN_UNGUARDED_AVAILABILITY = YES_AGGRESSIVE;
				CLANG_WARN_UNREACHABLE_CODE = YES;
				CLANG_WARN__DUPLICATE_METHOD_MATCH = YES;
				COPY_PHASE_STRIP = NO;
				DEBUG_INFORMATION_FORMAT = dwarf;
				ENABLE_STRICT_OBJC_MSGSEND = YES;
				ENABLE_TESTABILITY = YES;
				GCC_C_LANGUAGE_STANDARD = gnu11;
				GCC_DYNAMIC_NO_PIC = NO;
				GCC_NO_COMMON_BLOCKS = YES;
				GCC_OPTIMIZATION_LEVEL = 0;
				GCC_PREPROCESSOR_DEFINITIONS = (
					"DEBUG=1",
					"$(inherited)",
				);
				GCC_WARN_64_TO_32_BIT_CONVERSION = YES;
				GCC_WARN_ABOUT_RETURN_TYPE = YES_ERROR;
				GCC_WARN_UNDECLARED_SELECTOR = YES;
				GCC_WARN_UNINITIALIZED_AUTOS = YES_AGGRESSIVE;
				GCC_WARN_UNUSED_FUNCTION = YES;
				GCC_WARN_UNUSED_VARIABLE = YES;
				IPHONEOS_DEPLOYMENT_TARGET = 16.4;
				MTL_ENABLE_DEBUG_INFO = INCLUDE_SOURCE;
				MTL_FAST_MATH = YES;
				ONLY_ACTIVE_ARCH = YES;
				SDKROOT = iphoneos;
				SWIFT_ACTIVE_COMPILATION_CONDITIONS = DEBUG;
				SWIFT_OPTIMIZATION_LEVEL = "-Onone";
			};
			name = Debug;
		};
		17A91FA42A815C2900B2BC9D /* Release */ = {
			isa = XCBuildConfiguration;
			buildSettings = {
				ALWAYS_SEARCH_USER_PATHS = NO;
				CLANG_ANALYZER_NONNULL = YES;
				CLANG_ANALYZER_NUMBER_OBJECT_CONVERSION = YES_AGGRESSIVE;
				CLANG_CXX_LANGUAGE_STANDARD = "gnu++20";
				CLANG_ENABLE_MODULES = YES;
				CLANG_ENABLE_OBJC_ARC = YES;
				CLANG_ENABLE_OBJC_WEAK = YES;
				CLANG_WARN_BLOCK_CAPTURE_AUTORELEASING = YES;
				CLANG_WARN_BOOL_CONVERSION = YES;
				CLANG_WARN_COMMA = YES;
				CLANG_WARN_CONSTANT_CONVERSION = YES;
				CLANG_WARN_DEPRECATED_OBJC_IMPLEMENTATIONS = YES;
				CLANG_WARN_DIRECT_OBJC_ISA_USAGE = YES_ERROR;
				CLANG_WARN_DOCUMENTATION_COMMENTS = YES;
				CLANG_WARN_EMPTY_BODY = YES;
				CLANG_WARN_ENUM_CONVERSION = YES;
				CLANG_WARN_INFINITE_RECURSION = YES;
				CLANG_WARN_INT_CONVERSION = YES;
				CLANG_WARN_NON_LITERAL_NULL_CONVERSION = YES;
				CLANG_WARN_OBJC_IMPLICIT_RETAIN_SELF = YES;
				CLANG_WARN_OBJC_LITERAL_CONVERSION = YES;
				CLANG_WARN_OBJC_ROOT_CLASS = YES_ERROR;
				CLANG_WARN_QUOTED_INCLUDE_IN_FRAMEWORK_HEADER = YES;
				CLANG_WARN_RANGE_LOOP_ANALYSIS = YES;
				CLANG_WARN_STRICT_PROTOTYPES = YES;
				CLANG_WARN_SUSPICIOUS_MOVE = YES;
				CLANG_WARN_UNGUARDED_AVAILABILITY = YES_AGGRESSIVE;
				CLANG_WARN_UNREACHABLE_CODE = YES;
				CLANG_WARN__DUPLICATE_METHOD_MATCH = YES;
				COPY_PHASE_STRIP = NO;
				DEBUG_INFORMATION_FORMAT = "dwarf-with-dsym";
				ENABLE_NS_ASSERTIONS = NO;
				ENABLE_STRICT_OBJC_MSGSEND = YES;
				GCC_C_LANGUAGE_STANDARD = gnu11;
				GCC_NO_COMMON_BLOCKS = YES;
				GCC_WARN_64_TO_32_BIT_CONVERSION = YES;
				GCC_WARN_ABOUT_RETURN_TYPE = YES_ERROR;
				GCC_WARN_UNDECLARED_SELECTOR = YES;
				GCC_WARN_UNINITIALIZED_AUTOS = YES_AGGRESSIVE;
				GCC_WARN_UNUSED_FUNCTION = YES;
				GCC_WARN_UNUSED_VARIABLE = YES;
				IPHONEOS_DEPLOYMENT_TARGET = 16.4;
				MTL_ENABLE_DEBUG_INFO = NO;
				MTL_FAST_MATH = YES;
				SDKROOT = iphoneos;
				SWIFT_COMPILATION_MODE = wholemodule;
				SWIFT_OPTIMIZATION_LEVEL = "-O";
				VALIDATE_PRODUCT = YES;
			};
			name = Release;
		};
		17A91FA62A815C2900B2BC9D /* Debug */ = {
			isa = XCBuildConfiguration;
			buildSettings = {
				ASSETCATALOG_COMPILER_APPICON_NAME = AppIcon;
				ASSETCATALOG_COMPILER_GLOBAL_ACCENT_COLOR_NAME = AccentColor;
				CODE_SIGN_STYLE = Automatic;
				CURRENT_PROJECT_VERSION = 1;
				DEVELOPMENT_TEAM = J57UX88LR4;
				GENERATE_INFOPLIST_FILE = YES;
				INFOPLIST_FILE = AYNANCE/Info.plist;
				INFOPLIST_KEY_UIApplicationSupportsIndirectInputEvents = YES;
				INFOPLIST_KEY_UILaunchStoryboardName = LaunchScreen.storyboard;
				INFOPLIST_KEY_UIMainStoryboardFile = Main;
				INFOPLIST_KEY_UIRequiresFullScreen = NO;
				INFOPLIST_KEY_UISupportedInterfaceOrientations_iPad = "UIInterfaceOrientationPortrait UIInterfaceOrientationPortraitUpsideDown UIInterfaceOrientationLandscapeLeft UIInterfaceOrientationLandscapeRight";
				INFOPLIST_KEY_UISupportedInterfaceOrientations_iPhone = "UIInterfaceOrientationPortrait UIInterfaceOrientationLandscapeLeft UIInterfaceOrientationLandscapeRight";
				LD_RUNPATH_SEARCH_PATHS = (
					"$(inherited)",
					"@executable_path/Frameworks",
				);
				MARKETING_VERSION = 1.0;
				PRODUCT_BUNDLE_IDENTIFIER = com.ibrahimay.AYNANCE;
				PRODUCT_NAME = "$(TARGET_NAME)";
				SWIFT_EMIT_LOC_STRINGS = YES;
				SWIFT_VERSION = 5.0;
				TARGETED_DEVICE_FAMILY = "1,2";
			};
			name = Debug;
		};
		17A91FA72A815C2900B2BC9D /* Release */ = {
			isa = XCBuildConfiguration;
			buildSettings = {
				ASSETCATALOG_COMPILER_APPICON_NAME = AppIcon;
				ASSETCATALOG_COMPILER_GLOBAL_ACCENT_COLOR_NAME = AccentColor;
				CODE_SIGN_STYLE = Automatic;
				CURRENT_PROJECT_VERSION = 1;
				DEVELOPMENT_TEAM = J57UX88LR4;
				GENERATE_INFOPLIST_FILE = YES;
				INFOPLIST_FILE = AYNANCE/Info.plist;
				INFOPLIST_KEY_UIApplicationSupportsIndirectInputEvents = YES;
				INFOPLIST_KEY_UILaunchStoryboardName = LaunchScreen.storyboard;
				INFOPLIST_KEY_UIMainStoryboardFile = Main;
				INFOPLIST_KEY_UIRequiresFullScreen = NO;
				INFOPLIST_KEY_UISupportedInterfaceOrientations_iPad = "UIInterfaceOrientationPortrait UIInterfaceOrientationPortraitUpsideDown UIInterfaceOrientationLandscapeLeft UIInterfaceOrientationLandscapeRight";
				INFOPLIST_KEY_UISupportedInterfaceOrientations_iPhone = "UIInterfaceOrientationPortrait UIInterfaceOrientationLandscapeLeft UIInterfaceOrientationLandscapeRight";
				LD_RUNPATH_SEARCH_PATHS = (
					"$(inherited)",
					"@executable_path/Frameworks",
				);
				MARKETING_VERSION = 1.0;
				PRODUCT_BUNDLE_IDENTIFIER = com.ibrahimay.AYNANCE;
				PRODUCT_NAME = "$(TARGET_NAME)";
				SWIFT_EMIT_LOC_STRINGS = YES;
				SWIFT_VERSION = 5.0;
				TARGETED_DEVICE_FAMILY = "1,2";
			};
			name = Release;
		};
/* End XCBuildConfiguration section */

/* Begin XCConfigurationList section */
		17A91F892A815C2700B2BC9D /* Build configuration list for PBXProject "AYNANCE" */ = {
			isa = XCConfigurationList;
			buildConfigurations = (
				17A91FA32A815C2900B2BC9D /* Debug */,
				17A91FA42A815C2900B2BC9D /* Release */,
			);
			defaultConfigurationIsVisible = 0;
			defaultConfigurationName = Release;
		};
		17A91FA52A815C2900B2BC9D /* Build configuration list for PBXNativeTarget "AYNANCE" */ = {
			isa = XCConfigurationList;
			buildConfigurations = (
				17A91FA62A815C2900B2BC9D /* Debug */,
				17A91FA72A815C2900B2BC9D /* Release */,
			);
			defaultConfigurationIsVisible = 0;
			defaultConfigurationName = Release;
		};
/* End XCConfigurationList section */

/* Begin XCVersionGroup section */
		17A91F9A2A815C2700B2BC9D /* AYNANCE.xcdatamodeld */ = {
			isa = XCVersionGroup;
			children = (
				17A91F9B2A815C2700B2BC9D /* AYNANCE.xcdatamodel */,
			);
			currentVersion = 17A91F9B2A815C2700B2BC9D /* AYNANCE.xcdatamodel */;
			path = AYNANCE.xcdatamodeld;
			sourceTree = "<group>";
			versionGroupType = wrapper.xcdatamodel;
		};
/* End XCVersionGroup section */
	};
	rootObject = 17A91F862A815C2700B2BC9D /* Project object */;
}
